
Microsoft Visual Studio Solution File, Format Version 12.00
# Visual Studio Version 17
VisualStudioVersion = 17.4.33213.308
MinimumVisualStudioVersion = 10.0.40219.1
Project("{FAE04EC0-301F-11D3-BF4B-00C04F79EFBC}") = "Breakout", "Breakout\Breakout.csproj", "{ADE799E0-3564-49B4-8C8D-D250542CD563}"
EndProject
Global
	GlobalSection(SolutionConfigurationPlatforms) = preSolution
		Debug|Any CPU = Debug|Any CPU
		Release|Any CPU = Release|Any CPU
	EndGlobalSection
	GlobalSection(ProjectConfigurationPlatforms) = postSolution
		{ADE799E0-3564-49B4-8C8D-D250542CD563}.Debug|Any CPU.ActiveCfg = Debug|Any CPU
		{ADE799E0-3564-49B4-8C8D-D250542CD563}.Debug|Any CPU.Build.0 = Debug|Any CPU
		{ADE799E0-3564-49B4-8C8D-D250542CD563}.Release|Any CPU.ActiveCfg = Release|Any CPU
		{ADE799E0-3564-49B4-8C8D-D250542CD563}.Release|Any CPU.Build.0 = Release|Any CPU
	EndGlobalSection
	GlobalSection(SolutionProperties) = preSolution
		HideSolutionNode = FALSE
	EndGlobalSection
	GlobalSection(ExtensibilityGlobals) = postSolution
		SolutionGuid = {F16399DF-F2AF-4569-AA76-165B67F26208}
	EndGlobalSection
EndGlobal
